{
    "name": "avro",
    "version": "0.0.1",
    "lockfileVersion": 1,
    "requires": true,
    "dependencies": {
        "avro.tmlanguage": {
            "version": "1.0.1",
            "resolved": "https://registry.npmjs.org/avro.tmlanguage/-/avro.tmlanguage-1.0.1.tgz",
            "integrity": "sha512-D9baOhuI0TiWVaavlk5Pn3fyU7/tHIn4r2+VnDFQR5u+BlYb54lVuz0jGAFs86IVvWDelCr4S6OKqJjTI1fGFw=="
        }
    }
}
