{
    "name": "avro",
    "version": "0.0.1",
    "lockfileVersion": 1,
    "requires": true,
    "dependencies": {
        "avro.tmlanguage": {
            "version": "1.0.2",
            "resolved": "https://registry.npmjs.org/avro.tmlanguage/-/avro.tmlanguage-1.0.2.tgz",
            "integrity": "sha512-qMybkEQbqYFYFadPc7U3QlSZ1wnnWAZNjO6jn7+2QXwbsvdXHZGg6FtAy+U3B48ja4+Mm3Xul/2LUcJ8GrSqWg=="
        }
    }
}
