{
    "name": "avro",
    "version": "0.1.0",
    "lockfileVersion": 1,
    "requires": true,
    "dependencies": {
        "avro.tmlanguage": {
            "version": "1.1.0",
            "resolved": "https://registry.npmjs.org/avro.tmlanguage/-/avro.tmlanguage-1.1.0.tgz",
            "integrity": "sha512-MOIJAgVeEkYh4XHa8a8eTGwXJ0R9c9CkN9VcYFbb/r5sL0EBiqsBhBHa7APS73rPHND5g89UPLFfpIhD9xG/Fw=="
        }
    }
}
